--- 
hash: c714c4e02435b2491b583a99a4a1c73ff9bc84c8
sources: 
- Rubygems: 
    uri: http://rubygems.org
specs: 
- rake: 
    version: 0.8.7
- ZenTest: 
    version: 4.3.1
- RubyInline: 
    version: 3.8.4
- sexp_processor: 
    version: 3.0.4
- ParseTree: 
    version: 3.0.5
- archive-tar-minitar: 
    version: 0.5.2
- bundler: 
    version: 0.9.25
- ruby_parser: 
    version: 2.0.4
- flay: 
    version: 1.4.0
- flog: 
    version: 2.4.0
- ruby2ruby: 
    version: 1.2.4
- heckle: 
    version: 1.4.3
- mocha: 
    version: 0.9.8
- open4: 
    version: 1.0.1
- rcov: 
    version: 0.9.8
- rubyzip: 
    version: 0.9.4
- shoulda: 
    version: 2.10.3
dependencies: 
  bundler: 
    version: ">= 0.9.19"
    group: 
    - :default
  rake: 
    version: ">= 0"
    group: 
    - :default
  rubyzip: 
    version: = 0.9.4
    group: 
    - :default
  archive-tar-minitar: 
    version: = 0.5.2
    group: 
    - :default
  open4: 
    version: ">= 0.9.6"
    group: 
    - :default
  shoulda: 
    version: ">= 0"
    group: 
    - :test
  mocha: 
    version: ">= 0"
    group: 
    - :test
  flay: 
    version: ">= 0"
    group: 
    - :test
  flog: 
    version: ">= 0"
    group: 
    - :test
  heckle: 
    version: ">= 0"
    group: 
    - :test
  rcov: 
    version: ">= 0"
    group: 
    - :test
